
Microsoft Visual Studio Solution File, Format Version 12.00
# Visual Studio 15
VisualStudioVersion = 15.0.28307.421
MinimumVisualStudioVersion = 10.0.40219.1
Project("{9A19103F-16F7-4668-BE54-9A1E7A4F7556}") = "SLogging.Core", "SLogging.Core\SLogging.Core.csproj", "{4C3F5171-7511-4814-B56B-500185AF6DF2}"
EndProject
Global
	GlobalSection(SolutionConfigurationPlatforms) = preSolution
		Debug|Any CPU = Debug|Any CPU
		Release|Any CPU = Release|Any CPU
	EndGlobalSection
	GlobalSection(ProjectConfigurationPlatforms) = postSolution
		{4C3F5171-7511-4814-B56B-500185AF6DF2}.Debug|Any CPU.ActiveCfg = Debug|Any CPU
		{4C3F5171-7511-4814-B56B-500185AF6DF2}.Debug|Any CPU.Build.0 = Debug|Any CPU
		{4C3F5171-7511-4814-B56B-500185AF6DF2}.Release|Any CPU.ActiveCfg = Release|Any CPU
		{4C3F5171-7511-4814-B56B-500185AF6DF2}.Release|Any CPU.Build.0 = Release|Any CPU
	EndGlobalSection
	GlobalSection(SolutionProperties) = preSolution
		HideSolutionNode = FALSE
	EndGlobalSection
	GlobalSection(ExtensibilityGlobals) = postSolution
		SolutionGuid = {DD151AD6-53BF-4345-8611-D8A14B6881CC}
	EndGlobalSection
EndGlobal
